
Microsoft Visual Studio Solution File, Format Version 12.00
# Visual Studio Version 17
VisualStudioVersion = 17.3.32922.545
MinimumVisualStudioVersion = 10.0.40219.1
Project("{FAE04EC0-301F-11D3-BF4B-00C04F79EFBC}") = "selected_tasks_console_for_loops", "selected_tasks_console_for_loops\selected_tasks_console_for_loops.csproj", "{4DFABAEE-137C-4912-917C-721D6BAAA03E}"
EndProject
Global
	GlobalSection(SolutionConfigurationPlatforms) = preSolution
		Debug|Any CPU = Debug|Any CPU
		Release|Any CPU = Release|Any CPU
	EndGlobalSection
	GlobalSection(ProjectConfigurationPlatforms) = postSolution
		{4DFABAEE-137C-4912-917C-721D6BAAA03E}.Debug|Any CPU.ActiveCfg = Debug|Any CPU
		{4DFABAEE-137C-4912-917C-721D6BAAA03E}.Debug|Any CPU.Build.0 = Debug|Any CPU
		{4DFABAEE-137C-4912-917C-721D6BAAA03E}.Release|Any CPU.ActiveCfg = Release|Any CPU
		{4DFABAEE-137C-4912-917C-721D6BAAA03E}.Release|Any CPU.Build.0 = Release|Any CPU
	EndGlobalSection
	GlobalSection(SolutionProperties) = preSolution
		HideSolutionNode = FALSE
	EndGlobalSection
	GlobalSection(ExtensibilityGlobals) = postSolution
		SolutionGuid = {6D47646A-B15F-4474-BA66-1A178F37D510}
	EndGlobalSection
EndGlobal
